
Microsoft Visual Studio Solution File, Format Version 12.00
# Visual Studio 15
VisualStudioVersion = 15.0.27004.2005
MinimumVisualStudioVersion = 10.0.40219.1
Project("{D954291E-2A0B-460D-934E-DC6B0785DB48}") = "PRODUX", "PRODUX\PRODUX\PRODUX.shproj", "{55251F11-1E0B-4E7D-BC03-167E558E6115}"
EndProject
Project("{FAE04EC0-301F-11D3-BF4B-00C04F79EFBC}") = "PRODUX.Android", "PRODUX\PRODUX.Android\PRODUX.Android.csproj", "{7084442E-4765-414C-8F6D-3A0BC82B6D64}"
EndProject
Project("{FAE04EC0-301F-11D3-BF4B-00C04F79EFBC}") = "PRODUX.iOS", "PRODUX\PRODUX.iOS\PRODUX.iOS.csproj", "{C57E29CE-8CF8-4E74-9A97-399E2C38D324}"
EndProject
Project("{FAE04EC0-301F-11D3-BF4B-00C04F79EFBC}") = "API_PRODUX", "API_PRODUX\API_PRODUX.csproj", "{C06383BD-FD6E-422D-A15E-6AB74D499AC0}"
EndProject
Global
	GlobalSection(SharedMSBuildProjectFiles) = preSolution
		PRODUX\PRODUX\PRODUX.projitems*{55251f11-1e0b-4e7d-bc03-167e558e6115}*SharedItemsImports = 13
		PRODUX\PRODUX\PRODUX.projitems*{7084442e-4765-414c-8f6d-3a0bc82b6d64}*SharedItemsImports = 4
		PRODUX\PRODUX\PRODUX.projitems*{c57e29ce-8cf8-4e74-9a97-399e2c38d324}*SharedItemsImports = 4
	EndGlobalSection
	GlobalSection(SolutionConfigurationPlatforms) = preSolution
		Ad-Hoc|Any CPU = Ad-Hoc|Any CPU
		Ad-Hoc|iPhone = Ad-Hoc|iPhone
		Ad-Hoc|iPhoneSimulator = Ad-Hoc|iPhoneSimulator
		AppStore|Any CPU = AppStore|Any CPU
		AppStore|iPhone = AppStore|iPhone
		AppStore|iPhoneSimulator = AppStore|iPhoneSimulator
		Debug|Any CPU = Debug|Any CPU
		Debug|iPhone = Debug|iPhone
		Debug|iPhoneSimulator = Debug|iPhoneSimulator
		Release|Any CPU = Release|Any CPU
		Release|iPhone = Release|iPhone
		Release|iPhoneSimulator = Release|iPhoneSimulator
	EndGlobalSection
	GlobalSection(ProjectConfigurationPlatforms) = postSolution
		{7084442E-4765-414C-8F6D-3A0BC82B6D64}.Ad-Hoc|Any CPU.ActiveCfg = Release|Any CPU
		{7084442E-4765-414C-8F6D-3A0BC82B6D64}.Ad-Hoc|Any CPU.Build.0 = Release|Any CPU
		{7084442E-4765-414C-8F6D-3A0BC82B6D64}.Ad-Hoc|Any CPU.Deploy.0 = Release|Any CPU
		{7084442E-4765-414C-8F6D-3A0BC82B6D64}.Ad-Hoc|iPhone.ActiveCfg = Release|Any CPU
		{7084442E-4765-414C-8F6D-3A0BC82B6D64}.Ad-Hoc|iPhone.Build.0 = Release|Any CPU
		{7084442E-4765-414C-8F6D-3A0BC82B6D64}.Ad-Hoc|iPhone.Deploy.0 = Release|Any CPU
		{7084442E-4765-414C-8F6D-3A0BC82B6D64}.Ad-Hoc|iPhoneSimulator.ActiveCfg = Release|Any CPU
		{7084442E-4765-414C-8F6D-3A0BC82B6D64}.Ad-Hoc|iPhoneSimulator.Build.0 = Release|Any CPU
		{7084442E-4765-414C-8F6D-3A0BC82B6D64}.Ad-Hoc|iPhoneSimulator.Deploy.0 = Release|Any CPU
		{7084442E-4765-414C-8F6D-3A0BC82B6D64}.AppStore|Any CPU.ActiveCfg = Release|Any CPU
		{7084442E-4765-414C-8F6D-3A0BC82B6D64}.AppStore|Any CPU.Build.0 = Release|Any CPU
		{7084442E-4765-414C-8F6D-3A0BC82B6D64}.AppStore|Any CPU.Deploy.0 = Release|Any CPU
		{7084442E-4765-414C-8F6D-3A0BC82B6D64}.AppStore|iPhone.ActiveCfg = Release|Any CPU
		{7084442E-4765-414C-8F6D-3A0BC82B6D64}.AppStore|iPhone.Build.0 = Release|Any CPU
		{7084442E-4765-414C-8F6D-3A0BC82B6D64}.AppStore|iPhone.Deploy.0 = Release|Any CPU
		{7084442E-4765-414C-8F6D-3A0BC82B6D64}.AppStore|iPhoneSimulator.ActiveCfg = Release|Any CPU
		{7084442E-4765-414C-8F6D-3A0BC82B6D64}.AppStore|iPhoneSimulator.Build.0 = Release|Any CPU
		{7084442E-4765-414C-8F6D-3A0BC82B6D64}.AppStore|iPhoneSimulator.Deploy.0 = Release|Any CPU
		{7084442E-4765-414C-8F6D-3A0BC82B6D64}.Debug|Any CPU.ActiveCfg = Debug|Any CPU
		{7084442E-4765-414C-8F6D-3A0BC82B6D64}.Debug|Any CPU.Build.0 = Debug|Any CPU
		{7084442E-4765-414C-8F6D-3A0BC82B6D64}.Debug|Any CPU.Deploy.0 = Debug|Any CPU
		{7084442E-4765-414C-8F6D-3A0BC82B6D64}.Debug|iPhone.ActiveCfg = Debug|Any CPU
		{7084442E-4765-414C-8F6D-3A0BC82B6D64}.Debug|iPhone.Build.0 = Debug|Any CPU
		{7084442E-4765-414C-8F6D-3A0BC82B6D64}.Debug|iPhone.Deploy.0 = Debug|Any CPU
		{7084442E-4765-414C-8F6D-3A0BC82B6D64}.Debug|iPhoneSimulator.ActiveCfg = Debug|Any CPU
		{7084442E-4765-414C-8F6D-3A0BC82B6D64}.Debug|iPhoneSimulator.Build.0 = Debug|Any CPU
		{7084442E-4765-414C-8F6D-3A0BC82B6D64}.Debug|iPhoneSimulator.Deploy.0 = Debug|Any CPU
		{7084442E-4765-414C-8F6D-3A0BC82B6D64}.Release|Any CPU.ActiveCfg = Release|Any CPU
		{7084442E-4765-414C-8F6D-3A0BC82B6D64}.Release|Any CPU.Build.0 = Release|Any CPU
		{7084442E-4765-414C-8F6D-3A0BC82B6D64}.Release|Any CPU.Deploy.0 = Release|Any CPU
		{7084442E-4765-414C-8F6D-3A0BC82B6D64}.Release|iPhone.ActiveCfg = Release|Any CPU
		{7084442E-4765-414C-8F6D-3A0BC82B6D64}.Release|iPhone.Build.0 = Release|Any CPU
		{7084442E-4765-414C-8F6D-3A0BC82B6D64}.Release|iPhone.Deploy.0 = Release|Any CPU
		{7084442E-4765-414C-8F6D-3A0BC82B6D64}.Release|iPhoneSimulator.ActiveCfg = Release|Any CPU
		{7084442E-4765-414C-8F6D-3A0BC82B6D64}.Release|iPhoneSimulator.Build.0 = Release|Any CPU
		{7084442E-4765-414C-8F6D-3A0BC82B6D64}.Release|iPhoneSimulator.Deploy.0 = Release|Any CPU
		{C57E29CE-8CF8-4E74-9A97-399E2C38D324}.Ad-Hoc|Any CPU.ActiveCfg = Ad-Hoc|iPhoneSimulator
		{C57E29CE-8CF8-4E74-9A97-399E2C38D324}.Ad-Hoc|iPhone.ActiveCfg = Ad-Hoc|iPhone
		{C57E29CE-8CF8-4E74-9A97-399E2C38D324}.Ad-Hoc|iPhone.Build.0 = Ad-Hoc|iPhone
		{C57E29CE-8CF8-4E74-9A97-399E2C38D324}.Ad-Hoc|iPhoneSimulator.ActiveCfg = Ad-Hoc|iPhoneSimulator
		{C57E29CE-8CF8-4E74-9A97-399E2C38D324}.Ad-Hoc|iPhoneSimulator.Build.0 = Ad-Hoc|iPhoneSimulator
		{C57E29CE-8CF8-4E74-9A97-399E2C38D324}.AppStore|Any CPU.ActiveCfg = AppStore|iPhoneSimulator
		{C57E29CE-8CF8-4E74-9A97-399E2C38D324}.AppStore|iPhone.ActiveCfg = AppStore|iPhone
		{C57E29CE-8CF8-4E74-9A97-399E2C38D324}.AppStore|iPhone.Build.0 = AppStore|iPhone
		{C57E29CE-8CF8-4E74-9A97-399E2C38D324}.AppStore|iPhoneSimulator.ActiveCfg = AppStore|iPhoneSimulator
		{C57E29CE-8CF8-4E74-9A97-399E2C38D324}.AppStore|iPhoneSimulator.Build.0 = AppStore|iPhoneSimulator
		{C57E29CE-8CF8-4E74-9A97-399E2C38D324}.Debug|Any CPU.ActiveCfg = Debug|iPhoneSimulator
		{C57E29CE-8CF8-4E74-9A97-399E2C38D324}.Debug|iPhone.ActiveCfg = Debug|iPhone
		{C57E29CE-8CF8-4E74-9A97-399E2C38D324}.Debug|iPhone.Build.0 = Debug|iPhone
		{C57E29CE-8CF8-4E74-9A97-399E2C38D324}.Debug|iPhoneSimulator.ActiveCfg = Debug|iPhoneSimulator
		{C57E29CE-8CF8-4E74-9A97-399E2C38D324}.Debug|iPhoneSimulator.Build.0 = Debug|iPhoneSimulator
		{C57E29CE-8CF8-4E74-9A97-399E2C38D324}.Release|Any CPU.ActiveCfg = Release|iPhoneSimulator
		{C57E29CE-8CF8-4E74-9A97-399E2C38D324}.Release|iPhone.ActiveCfg = Release|iPhone
		{C57E29CE-8CF8-4E74-9A97-399E2C38D324}.Release|iPhone.Build.0 = Release|iPhone
		{C57E29CE-8CF8-4E74-9A97-399E2C38D324}.Release|iPhoneSimulator.ActiveCfg = Release|iPhoneSimulator
		{C57E29CE-8CF8-4E74-9A97-399E2C38D324}.Release|iPhoneSimulator.Build.0 = Release|iPhoneSimulator
		{C06383BD-FD6E-422D-A15E-6AB74D499AC0}.Ad-Hoc|Any CPU.ActiveCfg = Release|Any CPU
		{C06383BD-FD6E-422D-A15E-6AB74D499AC0}.Ad-Hoc|Any CPU.Build.0 = Release|Any CPU
		{C06383BD-FD6E-422D-A15E-6AB74D499AC0}.Ad-Hoc|iPhone.ActiveCfg = Release|Any CPU
		{C06383BD-FD6E-422D-A15E-6AB74D499AC0}.Ad-Hoc|iPhone.Build.0 = Release|Any CPU
		{C06383BD-FD6E-422D-A15E-6AB74D499AC0}.Ad-Hoc|iPhoneSimulator.ActiveCfg = Release|Any CPU
		{C06383BD-FD6E-422D-A15E-6AB74D499AC0}.Ad-Hoc|iPhoneSimulator.Build.0 = Release|Any CPU
		{C06383BD-FD6E-422D-A15E-6AB74D499AC0}.AppStore|Any CPU.ActiveCfg = Release|Any CPU
		{C06383BD-FD6E-422D-A15E-6AB74D499AC0}.AppStore|Any CPU.Build.0 = Release|Any CPU
		{C06383BD-FD6E-422D-A15E-6AB74D499AC0}.AppStore|iPhone.ActiveCfg = Release|Any CPU
		{C06383BD-FD6E-422D-A15E-6AB74D499AC0}.AppStore|iPhone.Build.0 = Release|Any CPU
		{C06383BD-FD6E-422D-A15E-6AB74D499AC0}.AppStore|iPhoneSimulator.ActiveCfg = Release|Any CPU
		{C06383BD-FD6E-422D-A15E-6AB74D499AC0}.AppStore|iPhoneSimulator.Build.0 = Release|Any CPU
		{C06383BD-FD6E-422D-A15E-6AB74D499AC0}.Debug|Any CPU.ActiveCfg = Debug|Any CPU
		{C06383BD-FD6E-422D-A15E-6AB74D499AC0}.Debug|Any CPU.Build.0 = Debug|Any CPU
		{C06383BD-FD6E-422D-A15E-6AB74D499AC0}.Debug|iPhone.ActiveCfg = Debug|Any CPU
		{C06383BD-FD6E-422D-A15E-6AB74D499AC0}.Debug|iPhone.Build.0 = Debug|Any CPU
		{C06383BD-FD6E-422D-A15E-6AB74D499AC0}.Debug|iPhoneSimulator.ActiveCfg = Debug|Any CPU
		{C06383BD-FD6E-422D-A15E-6AB74D499AC0}.Debug|iPhoneSimulator.Build.0 = Debug|Any CPU
		{C06383BD-FD6E-422D-A15E-6AB74D499AC0}.Release|Any CPU.ActiveCfg = Release|Any CPU
		{C06383BD-FD6E-422D-A15E-6AB74D499AC0}.Release|Any CPU.Build.0 = Release|Any CPU
		{C06383BD-FD6E-422D-A15E-6AB74D499AC0}.Release|iPhone.ActiveCfg = Release|Any CPU
		{C06383BD-FD6E-422D-A15E-6AB74D499AC0}.Release|iPhone.Build.0 = Release|Any CPU
		{C06383BD-FD6E-422D-A15E-6AB74D499AC0}.Release|iPhoneSimulator.ActiveCfg = Release|Any CPU
		{C06383BD-FD6E-422D-A15E-6AB74D499AC0}.Release|iPhoneSimulator.Build.0 = Release|Any CPU
	EndGlobalSection
	GlobalSection(SolutionProperties) = preSolution
		HideSolutionNode = FALSE
	EndGlobalSection
	GlobalSection(ExtensibilityGlobals) = postSolution
		SolutionGuid = {3B076763-A23C-42E3-BDBF-31BC5805215E}
	EndGlobalSection
EndGlobal
